{
  "name": "mobile.angular.io",
  "version": "1.0.0",
  "lockfileVersion": 1,
  "requires": true,
  "dependencies": {
    "material-design-lite": {
      "version": "1.3.0",
      "resolved": "https://registry.npmjs.org/material-design-lite/-/material-design-lite-1.3.0.tgz",
      "integrity": "sha1-0ATOP+6Zoe63Sni4oyUTSl8RcdM="
    },
    "microsite-ui": {
      "version": "git://github.com/angular/design-love.git#ae9d5333fcf7400b2ad7768588c2f05b57ae66d8",
      "requires": {
        "material-design-lite": "1.3.0"
      }
    }
  }
}
